
Microsoft Visual Studio Solution File, Format Version 12.00
# Visual Studio 15
VisualStudioVersion = 15.0.28010.2026
MinimumVisualStudioVersion = 10.0.40219.1
Project("{FAE04EC0-301F-11D3-BF4B-00C04F79EFBC}") = "LocalNugetFeed.Web", "LocalNugetFeed\LocalNugetFeed.Web.csproj", "{95C08079-9267-4C72-BEF5-1CC7FAE54F26}"
EndProject
Project("{FAE04EC0-301F-11D3-BF4B-00C04F79EFBC}") = "LocalNugetFeed.Core", "LocalNugetFeed.Core\LocalNugetFeed.Core.csproj", "{9A499487-D1AC-4080-8B8D-DD91D913BD76}"
EndProject
Project("{FAE04EC0-301F-11D3-BF4B-00C04F79EFBC}") = "LocalNugetFeed.Web.Tests", "LocalNugetFeed.Web.Tests\LocalNugetFeed.Web.Tests.csproj", "{EAAAB12B-EA2E-4B95-9FEE-DBE85D663DB1}"
EndProject
Project("{FAE04EC0-301F-11D3-BF4B-00C04F79EFBC}") = "LocalNuGetFeed.Core.Tests", "LocalNuGetFeed.Core.Tests\LocalNuGetFeed.Core.Tests.csproj", "{1739D5A2-F273-4519-BBF3-601FBF217FC9}"
EndProject
Global
	GlobalSection(SolutionConfigurationPlatforms) = preSolution
		Debug|Any CPU = Debug|Any CPU
		Release|Any CPU = Release|Any CPU
	EndGlobalSection
	GlobalSection(ProjectConfigurationPlatforms) = postSolution
		{95C08079-9267-4C72-BEF5-1CC7FAE54F26}.Debug|Any CPU.ActiveCfg = Debug|Any CPU
		{95C08079-9267-4C72-BEF5-1CC7FAE54F26}.Debug|Any CPU.Build.0 = Debug|Any CPU
		{95C08079-9267-4C72-BEF5-1CC7FAE54F26}.Release|Any CPU.ActiveCfg = Release|Any CPU
		{95C08079-9267-4C72-BEF5-1CC7FAE54F26}.Release|Any CPU.Build.0 = Release|Any CPU
		{9A499487-D1AC-4080-8B8D-DD91D913BD76}.Debug|Any CPU.ActiveCfg = Debug|Any CPU
		{9A499487-D1AC-4080-8B8D-DD91D913BD76}.Debug|Any CPU.Build.0 = Debug|Any CPU
		{9A499487-D1AC-4080-8B8D-DD91D913BD76}.Release|Any CPU.ActiveCfg = Release|Any CPU
		{9A499487-D1AC-4080-8B8D-DD91D913BD76}.Release|Any CPU.Build.0 = Release|Any CPU
		{EAAAB12B-EA2E-4B95-9FEE-DBE85D663DB1}.Debug|Any CPU.ActiveCfg = Debug|Any CPU
		{EAAAB12B-EA2E-4B95-9FEE-DBE85D663DB1}.Debug|Any CPU.Build.0 = Debug|Any CPU
		{EAAAB12B-EA2E-4B95-9FEE-DBE85D663DB1}.Release|Any CPU.ActiveCfg = Release|Any CPU
		{EAAAB12B-EA2E-4B95-9FEE-DBE85D663DB1}.Release|Any CPU.Build.0 = Release|Any CPU
		{1739D5A2-F273-4519-BBF3-601FBF217FC9}.Debug|Any CPU.ActiveCfg = Debug|Any CPU
		{1739D5A2-F273-4519-BBF3-601FBF217FC9}.Debug|Any CPU.Build.0 = Debug|Any CPU
		{1739D5A2-F273-4519-BBF3-601FBF217FC9}.Release|Any CPU.ActiveCfg = Release|Any CPU
		{1739D5A2-F273-4519-BBF3-601FBF217FC9}.Release|Any CPU.Build.0 = Release|Any CPU
	EndGlobalSection
	GlobalSection(SolutionProperties) = preSolution
		HideSolutionNode = FALSE
	EndGlobalSection
	GlobalSection(ExtensibilityGlobals) = postSolution
		SolutionGuid = {84695B06-555A-452D-A246-651338C09164}
	EndGlobalSection
EndGlobal
